// !$*UTF8*$!
{
	archiveVersion = 1;
	classes = {
	};
	objectVersion = 56;
	objects = {

/* Begin PBXBuildFile section */
		A44013952B3F7E11000FD100 /* AppDelegate.swift in Sources */ = {isa = PBXBuildFile; fileRef = A44013942B3F7E11000FD100 /* AppDelegate.swift */; };
		A44013972B3F7E11000FD100 /* SceneDelegate.swift in Sources */ = {isa = PBXBuildFile; fileRef = A44013962B3F7E11000FD100 /* SceneDelegate.swift */; };
		A44013992B3F7E11000FD100 /* SearchVC.swift in Sources */ = {isa = PBXBuildFile; fileRef = A44013982B3F7E11000FD100 /* SearchVC.swift */; };
		A440139E2B3F7E12000FD100 /* Assets.xcassets in Resources */ = {isa = PBXBuildFile; fileRef = A440139D2B3F7E12000FD100 /* Assets.xcassets */; };
		A44013A12B3F7E12000FD100 /* LaunchScreen.storyboard in Resources */ = {isa = PBXBuildFile; fileRef = A440139F2B3F7E12000FD100 /* LaunchScreen.storyboard */; };
		A44013AB2B3F863B000FD100 /* FavoritesListVC.swift in Sources */ = {isa = PBXBuildFile; fileRef = A44013AA2B3F863B000FD100 /* FavoritesListVC.swift */; };
		A44013AD2B3F8B9E000FD100 /* GFButton.swift in Sources */ = {isa = PBXBuildFile; fileRef = A44013AC2B3F8B9E000FD100 /* GFButton.swift */; };
		A44013AF2B3F9069000FD100 /* GFTextField.swift in Sources */ = {isa = PBXBuildFile; fileRef = A44013AE2B3F9069000FD100 /* GFTextField.swift */; };
		A44EB58B2B415C44008C3130 /* GFError.swift in Sources */ = {isa = PBXBuildFile; fileRef = A44EB58A2B415C44008C3130 /* GFError.swift */; };
		A44EB58E2B416305008C3130 /* FollowerCell.swift in Sources */ = {isa = PBXBuildFile; fileRef = A44EB58D2B416305008C3130 /* FollowerCell.swift */; };
		A44EB5912B41639C008C3130 /* GFAvatarImageView.swift in Sources */ = {isa = PBXBuildFile; fileRef = A44EB5902B41639C008C3130 /* GFAvatarImageView.swift */; };
		A44EB5932B4196C5008C3130 /* UIHelper.swift in Sources */ = {isa = PBXBuildFile; fileRef = A44EB5922B4196C5008C3130 /* UIHelper.swift */; };
		A488773D2B400461003AA54A /* FollowerListVC.swift in Sources */ = {isa = PBXBuildFile; fileRef = A488773C2B400461003AA54A /* FollowerListVC.swift */; };
		A4915C312B442C3F007A7796 /* GFEmptyStateView.swift in Sources */ = {isa = PBXBuildFile; fileRef = A4915C302B442C3F007A7796 /* GFEmptyStateView.swift */; };
		A4915C332B4446E9007A7796 /* UserInfoVC.swift in Sources */ = {isa = PBXBuildFile; fileRef = A4915C322B4446E9007A7796 /* UserInfoVC.swift */; };
		A4915C352B4463F1007A7796 /* GFUserInfoHeaderVC.swift in Sources */ = {isa = PBXBuildFile; fileRef = A4915C342B4463F1007A7796 /* GFUserInfoHeaderVC.swift */; };
		A4915C372B446475007A7796 /* GFSecondaryTitleLabel.swift in Sources */ = {isa = PBXBuildFile; fileRef = A4915C362B446475007A7796 /* GFSecondaryTitleLabel.swift */; };
		A4915C392B446BAF007A7796 /* Constants.swift in Sources */ = {isa = PBXBuildFile; fileRef = A4915C382B446BAF007A7796 /* Constants.swift */; };
		A4915C3B2B449358007A7796 /* GFItemInfoView.swift in Sources */ = {isa = PBXBuildFile; fileRef = A4915C3A2B449358007A7796 /* GFItemInfoView.swift */; };
		A4915C3D2B4497E2007A7796 /* GFItemInfoVC.swift in Sources */ = {isa = PBXBuildFile; fileRef = A4915C3C2B4497E2007A7796 /* GFItemInfoVC.swift */; };
		A4915C3F2B449AE3007A7796 /* GFRepoItemVC.swift in Sources */ = {isa = PBXBuildFile; fileRef = A4915C3E2B449AE3007A7796 /* GFRepoItemVC.swift */; };
		A4915C412B449D09007A7796 /* GFFollowerItemVC.swift in Sources */ = {isa = PBXBuildFile; fileRef = A4915C402B449D09007A7796 /* GFFollowerItemVC.swift */; };
		A4F6BF4D2B40989100F8E1BD /* GFTitleLabel.swift in Sources */ = {isa = PBXBuildFile; fileRef = A4F6BF4C2B40989100F8E1BD /* GFTitleLabel.swift */; };
		A4F6BF4F2B409A2900F8E1BD /* GFBodyLabel.swift in Sources */ = {isa = PBXBuildFile; fileRef = A4F6BF4E2B409A2900F8E1BD /* GFBodyLabel.swift */; };
		A4F6BF512B409B1800F8E1BD /* GFAlertVC.swift in Sources */ = {isa = PBXBuildFile; fileRef = A4F6BF502B409B1800F8E1BD /* GFAlertVC.swift */; };
		A4F6BF532B40A17D00F8E1BD /* UIViewController+Extension.swift in Sources */ = {isa = PBXBuildFile; fileRef = A4F6BF522B40A17D00F8E1BD /* UIViewController+Extension.swift */; };
		A4F6BF552B40A59D00F8E1BD /* GFContainerView.swift in Sources */ = {isa = PBXBuildFile; fileRef = A4F6BF542B40A59D00F8E1BD /* GFContainerView.swift */; };
		A4F6BF5C2B40B51700F8E1BD /* Follower.swift in Sources */ = {isa = PBXBuildFile; fileRef = A4F6BF5B2B40B51700F8E1BD /* Follower.swift */; };
		A4F6BF5E2B40B60100F8E1BD /* User.swift in Sources */ = {isa = PBXBuildFile; fileRef = A4F6BF5D2B40B60100F8E1BD /* User.swift */; };
		A4F6BF612B40BA6E00F8E1BD /* NetworkManager.swift in Sources */ = {isa = PBXBuildFile; fileRef = A4F6BF602B40BA6E00F8E1BD /* NetworkManager.swift */; };
/* End PBXBuildFile section */

/* Begin PBXFileReference section */
		A44013912B3F7E11000FD100 /* GHFollowers.app */ = {isa = PBXFileReference; explicitFileType = wrapper.application; includeInIndex = 0; path = GHFollowers.app; sourceTree = BUILT_PRODUCTS_DIR; };
		A44013942B3F7E11000FD100 /* AppDelegate.swift */ = {isa = PBXFileReference; lastKnownFileType = sourcecode.swift; path = AppDelegate.swift; sourceTree = "<group>"; };
		A44013962B3F7E11000FD100 /* SceneDelegate.swift */ = {isa = PBXFileReference; lastKnownFileType = sourcecode.swift; path = SceneDelegate.swift; sourceTree = "<group>"; };
		A44013982B3F7E11000FD100 /* SearchVC.swift */ = {isa = PBXFileReference; lastKnownFileType = sourcecode.swift; path = SearchVC.swift; sourceTree = "<group>"; };
		A440139D2B3F7E12000FD100 /* Assets.xcassets */ = {isa = PBXFileReference; lastKnownFileType = folder.assetcatalog; path = Assets.xcassets; sourceTree = "<group>"; };
		A44013A02B3F7E12000FD100 /* Base */ = {isa = PBXFileReference; lastKnownFileType = file.storyboard; name = Base; path = Base.lproj/LaunchScreen.storyboard; sourceTree = "<group>"; };
		A44013A22B3F7E12000FD100 /* Info.plist */ = {isa = PBXFileReference; lastKnownFileType = text.plist.xml; path = Info.plist; sourceTree = "<group>"; };
		A44013AA2B3F863B000FD100 /* FavoritesListVC.swift */ = {isa = PBXFileReference; lastKnownFileType = sourcecode.swift; path = FavoritesListVC.swift; sourceTree = "<group>"; };
		A44013AC2B3F8B9E000FD100 /* GFButton.swift */ = {isa = PBXFileReference; lastKnownFileType = sourcecode.swift; path = GFButton.swift; sourceTree = "<group>"; };
		A44013AE2B3F9069000FD100 /* GFTextField.swift */ = {isa = PBXFileReference; lastKnownFileType = sourcecode.swift; path = GFTextField.swift; sourceTree = "<group>"; };
		A44EB58A2B415C44008C3130 /* GFError.swift */ = {isa = PBXFileReference; lastKnownFileType = sourcecode.swift; path = GFError.swift; sourceTree = "<group>"; };
		A44EB58D2B416305008C3130 /* FollowerCell.swift */ = {isa = PBXFileReference; lastKnownFileType = sourcecode.swift; path = FollowerCell.swift; sourceTree = "<group>"; };
		A44EB5902B41639C008C3130 /* GFAvatarImageView.swift */ = {isa = PBXFileReference; lastKnownFileType = sourcecode.swift; path = GFAvatarImageView.swift; sourceTree = "<group>"; };
		A44EB5922B4196C5008C3130 /* UIHelper.swift */ = {isa = PBXFileReference; lastKnownFileType = sourcecode.swift; path = UIHelper.swift; sourceTree = "<group>"; };
		A488773C2B400461003AA54A /* FollowerListVC.swift */ = {isa = PBXFileReference; lastKnownFileType = sourcecode.swift; path = FollowerListVC.swift; sourceTree = "<group>"; };
		A4915C302B442C3F007A7796 /* GFEmptyStateView.swift */ = {isa = PBXFileReference; lastKnownFileType = sourcecode.swift; path = GFEmptyStateView.swift; sourceTree = "<group>"; };
		A4915C322B4446E9007A7796 /* UserInfoVC.swift */ = {isa = PBXFileReference; lastKnownFileType = sourcecode.swift; path = UserInfoVC.swift; sourceTree = "<group>"; };
		A4915C342B4463F1007A7796 /* GFUserInfoHeaderVC.swift */ = {isa = PBXFileReference; lastKnownFileType = sourcecode.swift; path = GFUserInfoHeaderVC.swift; sourceTree = "<group>"; };
		A4915C362B446475007A7796 /* GFSecondaryTitleLabel.swift */ = {isa = PBXFileReference; lastKnownFileType = sourcecode.swift; path = GFSecondaryTitleLabel.swift; sourceTree = "<group>"; };
		A4915C382B446BAF007A7796 /* Constants.swift */ = {isa = PBXFileReference; lastKnownFileType = sourcecode.swift; path = Constants.swift; sourceTree = "<group>"; };
		A4915C3A2B449358007A7796 /* GFItemInfoView.swift */ = {isa = PBXFileReference; lastKnownFileType = sourcecode.swift; path = GFItemInfoView.swift; sourceTree = "<group>"; };
		A4915C3C2B4497E2007A7796 /* GFItemInfoVC.swift */ = {isa = PBXFileReference; lastKnownFileType = sourcecode.swift; path = GFItemInfoVC.swift; sourceTree = "<group>"; };
		A4915C3E2B449AE3007A7796 /* GFRepoItemVC.swift */ = {isa = PBXFileReference; lastKnownFileType = sourcecode.swift; path = GFRepoItemVC.swift; sourceTree = "<group>"; };
		A4915C402B449D09007A7796 /* GFFollowerItemVC.swift */ = {isa = PBXFileReference; lastKnownFileType = sourcecode.swift; path = GFFollowerItemVC.swift; sourceTree = "<group>"; };
		A4F6BF4C2B40989100F8E1BD /* GFTitleLabel.swift */ = {isa = PBXFileReference; lastKnownFileType = sourcecode.swift; path = GFTitleLabel.swift; sourceTree = "<group>"; };
		A4F6BF4E2B409A2900F8E1BD /* GFBodyLabel.swift */ = {isa = PBXFileReference; lastKnownFileType = sourcecode.swift; path = GFBodyLabel.swift; sourceTree = "<group>"; };
		A4F6BF502B409B1800F8E1BD /* GFAlertVC.swift */ = {isa = PBXFileReference; lastKnownFileType = sourcecode.swift; path = GFAlertVC.swift; sourceTree = "<group>"; };
		A4F6BF522B40A17D00F8E1BD /* UIViewController+Extension.swift */ = {isa = PBXFileReference; lastKnownFileType = sourcecode.swift; path = "UIViewController+Extension.swift"; sourceTree = "<group>"; };
		A4F6BF542B40A59D00F8E1BD /* GFContainerView.swift */ = {isa = PBXFileReference; lastKnownFileType = sourcecode.swift; path = GFContainerView.swift; sourceTree = "<group>"; };
		A4F6BF5B2B40B51700F8E1BD /* Follower.swift */ = {isa = PBXFileReference; lastKnownFileType = sourcecode.swift; path = Follower.swift; sourceTree = "<group>"; };
		A4F6BF5D2B40B60100F8E1BD /* User.swift */ = {isa = PBXFileReference; lastKnownFileType = sourcecode.swift; path = User.swift; sourceTree = "<group>"; };
		A4F6BF602B40BA6E00F8E1BD /* NetworkManager.swift */ = {isa = PBXFileReference; lastKnownFileType = sourcecode.swift; path = NetworkManager.swift; sourceTree = "<group>"; };
/* End PBXFileReference section */

/* Begin PBXFrameworksBuildPhase section */
		A440138E2B3F7E11000FD100 /* Frameworks */ = {
			isa = PBXFrameworksBuildPhase;
			buildActionMask = 2147483647;
			files = (
			);
			runOnlyForDeploymentPostprocessing = 0;
		};
/* End PBXFrameworksBuildPhase section */

/* Begin PBXGroup section */
		A44013882B3F7E11000FD100 = {
			isa = PBXGroup;
			children = (
				A44013932B3F7E11000FD100 /* GHFollowers */,
				A44013922B3F7E11000FD100 /* Products */,
			);
			sourceTree = "<group>";
		};
		A44013922B3F7E11000FD100 /* Products */ = {
			isa = PBXGroup;
			children = (
				A44013912B3F7E11000FD100 /* GHFollowers.app */,
			);
			name = Products;
			sourceTree = "<group>";
		};
		A44013932B3F7E11000FD100 /* GHFollowers */ = {
			isa = PBXGroup;
			children = (
				A44EB5892B415C29008C3130 /* Utilities */,
				A4F6BF5F2B40BA4D00F8E1BD /* Managers */,
				A4F6BF5A2B40B4B600F8E1BD /* Model */,
				A4F6BF562B40AB7900F8E1BD /* Screens */,
				A4F6BF572B40ABC800F8E1BD /* Custom Views */,
				A4F6BF582B40AC1400F8E1BD /* Extensions */,
				A4F6BF592B40AC8B00F8E1BD /* Support */,
				A44013A22B3F7E12000FD100 /* Info.plist */,
			);
			path = GHFollowers;
			sourceTree = "<group>";
		};
		A44EB5892B415C29008C3130 /* Utilities */ = {
			isa = PBXGroup;
			children = (
				A44EB58A2B415C44008C3130 /* GFError.swift */,
				A44EB5922B4196C5008C3130 /* UIHelper.swift */,
				A4915C382B446BAF007A7796 /* Constants.swift */,
			);
			path = Utilities;
			sourceTree = "<group>";
		};
		A44EB58C2B4162E5008C3130 /* Cells */ = {
			isa = PBXGroup;
			children = (
				A44EB58D2B416305008C3130 /* FollowerCell.swift */,
			);
			path = Cells;
			sourceTree = "<group>";
		};
		A4915C2A2B442BB4007A7796 /* Views */ = {
			isa = PBXGroup;
			children = (
				A4F6BF542B40A59D00F8E1BD /* GFContainerView.swift */,
				A4915C302B442C3F007A7796 /* GFEmptyStateView.swift */,
				A4915C3A2B449358007A7796 /* GFItemInfoView.swift */,
			);
			path = Views;
			sourceTree = "<group>";
		};
		A4915C2B2B442BBD007A7796 /* Buttons */ = {
			isa = PBXGroup;
			children = (
				A44013AC2B3F8B9E000FD100 /* GFButton.swift */,
			);
			path = Buttons;
			sourceTree = "<group>";
		};
		A4915C2C2B442BC4007A7796 /* TextFields */ = {
			isa = PBXGroup;
			children = (
				A44013AE2B3F9069000FD100 /* GFTextField.swift */,
			);
			path = TextFields;
			sourceTree = "<group>";
		};
		A4915C2D2B442BD0007A7796 /* ImageViews */ = {
			isa = PBXGroup;
			children = (
				A44EB5902B41639C008C3130 /* GFAvatarImageView.swift */,
			);
			path = ImageViews;
			sourceTree = "<group>";
		};
		A4915C2E2B442BD8007A7796 /* ViewControllers */ = {
			isa = PBXGroup;
			children = (
				A4915C422B449D6E007A7796 /* ItemInfoVCs */,
				A4F6BF502B409B1800F8E1BD /* GFAlertVC.swift */,
				A4915C342B4463F1007A7796 /* GFUserInfoHeaderVC.swift */,
			);
			path = ViewControllers;
			sourceTree = "<group>";
		};
		A4915C2F2B442BF5007A7796 /* Labels */ = {
			isa = PBXGroup;
			children = (
				A4F6BF4C2B40989100F8E1BD /* GFTitleLabel.swift */,
				A4F6BF4E2B409A2900F8E1BD /* GFBodyLabel.swift */,
				A4915C362B446475007A7796 /* GFSecondaryTitleLabel.swift */,
			);
			path = Labels;
			sourceTree = "<group>";
		};
		A4915C422B449D6E007A7796 /* ItemInfoVCs */ = {
			isa = PBXGroup;
			children = (
				A4915C3C2B4497E2007A7796 /* GFItemInfoVC.swift */,
				A4915C3E2B449AE3007A7796 /* GFRepoItemVC.swift */,
				A4915C402B449D09007A7796 /* GFFollowerItemVC.swift */,
			);
			path = ItemInfoVCs;
			sourceTree = "<group>";
		};
		A4F6BF562B40AB7900F8E1BD /* Screens */ = {
			isa = PBXGroup;
			children = (
				A44013982B3F7E11000FD100 /* SearchVC.swift */,
				A488773C2B400461003AA54A /* FollowerListVC.swift */,
				A44013AA2B3F863B000FD100 /* FavoritesListVC.swift */,
				A4915C322B4446E9007A7796 /* UserInfoVC.swift */,
			);
			path = Screens;
			sourceTree = "<group>";
		};
		A4F6BF572B40ABC800F8E1BD /* Custom Views */ = {
			isa = PBXGroup;
			children = (
				A4915C2F2B442BF5007A7796 /* Labels */,
				A4915C2E2B442BD8007A7796 /* ViewControllers */,
				A4915C2D2B442BD0007A7796 /* ImageViews */,
				A4915C2C2B442BC4007A7796 /* TextFields */,
				A4915C2B2B442BBD007A7796 /* Buttons */,
				A4915C2A2B442BB4007A7796 /* Views */,
				A44EB58C2B4162E5008C3130 /* Cells */,
			);
			path = "Custom Views";
			sourceTree = "<group>";
		};
		A4F6BF582B40AC1400F8E1BD /* Extensions */ = {
			isa = PBXGroup;
			children = (
				A4F6BF522B40A17D00F8E1BD /* UIViewController+Extension.swift */,
			);
			path = Extensions;
			sourceTree = "<group>";
		};
		A4F6BF592B40AC8B00F8E1BD /* Support */ = {
			isa = PBXGroup;
			children = (
				A44013942B3F7E11000FD100 /* AppDelegate.swift */,
				A44013962B3F7E11000FD100 /* SceneDelegate.swift */,
				A440139D2B3F7E12000FD100 /* Assets.xcassets */,
				A440139F2B3F7E12000FD100 /* LaunchScreen.storyboard */,
			);
			path = Support;
			sourceTree = "<group>";
		};
		A4F6BF5A2B40B4B600F8E1BD /* Model */ = {
			isa = PBXGroup;
			children = (
				A4F6BF5B2B40B51700F8E1BD /* Follower.swift */,
				A4F6BF5D2B40B60100F8E1BD /* User.swift */,
			);
			path = Model;
			sourceTree = "<group>";
		};
		A4F6BF5F2B40BA4D00F8E1BD /* Managers */ = {
			isa = PBXGroup;
			children = (
				A4F6BF602B40BA6E00F8E1BD /* NetworkManager.swift */,
			);
			path = Managers;
			sourceTree = "<group>";
		};
/* End PBXGroup section */

/* Begin PBXNativeTarget section */
		A44013902B3F7E11000FD100 /* GHFollowers */ = {
			isa = PBXNativeTarget;
			buildConfigurationList = A44013A52B3F7E12000FD100 /* Build configuration list for PBXNativeTarget "GHFollowers" */;
			buildPhases = (
				A440138D2B3F7E11000FD100 /* Sources */,
				A440138E2B3F7E11000FD100 /* Frameworks */,
				A440138F2B3F7E11000FD100 /* Resources */,
			);
			buildRules = (
			);
			dependencies = (
			);
			name = GHFollowers;
			productName = GHFollowers;
			productReference = A44013912B3F7E11000FD100 /* GHFollowers.app */;
			productType = "com.apple.product-type.application";
		};
/* End PBXNativeTarget section */

/* Begin PBXProject section */
		A44013892B3F7E11000FD100 /* Project object */ = {
			isa = PBXProject;
			attributes = {
				BuildIndependentTargetsInParallel = 1;
				LastSwiftUpdateCheck = 1510;
				LastUpgradeCheck = 1510;
				TargetAttributes = {
					A44013902B3F7E11000FD100 = {
						CreatedOnToolsVersion = 15.1;
					};
				};
			};
			buildConfigurationList = A440138C2B3F7E11000FD100 /* Build configuration list for PBXProject "GHFollowers" */;
			compatibilityVersion = "Xcode 14.0";
			developmentRegion = en;
			hasScannedForEncodings = 0;
			knownRegions = (
				en,
				Base,
			);
			mainGroup = A44013882B3F7E11000FD100;
			productRefGroup = A44013922B3F7E11000FD100 /* Products */;
			projectDirPath = "";
			projectRoot = "";
			targets = (
				A44013902B3F7E11000FD100 /* GHFollowers */,
			);
		};
/* End PBXProject section */

/* Begin PBXResourcesBuildPhase section */
		A440138F2B3F7E11000FD100 /* Resources */ = {
			isa = PBXResourcesBuildPhase;
			buildActionMask = 2147483647;
			files = (
				A44013A12B3F7E12000FD100 /* LaunchScreen.storyboard in Resources */,
				A440139E2B3F7E12000FD100 /* Assets.xcassets in Resources */,
			);
			runOnlyForDeploymentPostprocessing = 0;
		};
/* End PBXResourcesBuildPhase section */

/* Begin PBXSourcesBuildPhase section */
		A440138D2B3F7E11000FD100 /* Sources */ = {
			isa = PBXSourcesBuildPhase;
			buildActionMask = 2147483647;
			files = (
				A44013AF2B3F9069000FD100 /* GFTextField.swift in Sources */,
				A44013AB2B3F863B000FD100 /* FavoritesListVC.swift in Sources */,
				A44013AD2B3F8B9E000FD100 /* GFButton.swift in Sources */,
				A4915C352B4463F1007A7796 /* GFUserInfoHeaderVC.swift in Sources */,
				A4F6BF532B40A17D00F8E1BD /* UIViewController+Extension.swift in Sources */,
				A44013992B3F7E11000FD100 /* SearchVC.swift in Sources */,
				A4915C312B442C3F007A7796 /* GFEmptyStateView.swift in Sources */,
				A4915C372B446475007A7796 /* GFSecondaryTitleLabel.swift in Sources */,
				A4F6BF512B409B1800F8E1BD /* GFAlertVC.swift in Sources */,
				A4F6BF5E2B40B60100F8E1BD /* User.swift in Sources */,
				A44EB58E2B416305008C3130 /* FollowerCell.swift in Sources */,
				A44EB5912B41639C008C3130 /* GFAvatarImageView.swift in Sources */,
				A4915C3F2B449AE3007A7796 /* GFRepoItemVC.swift in Sources */,
				A4F6BF4F2B409A2900F8E1BD /* GFBodyLabel.swift in Sources */,
				A4915C332B4446E9007A7796 /* UserInfoVC.swift in Sources */,
				A4F6BF5C2B40B51700F8E1BD /* Follower.swift in Sources */,
				A4F6BF4D2B40989100F8E1BD /* GFTitleLabel.swift in Sources */,
				A488773D2B400461003AA54A /* FollowerListVC.swift in Sources */,
				A44013952B3F7E11000FD100 /* AppDelegate.swift in Sources */,
				A4915C3D2B4497E2007A7796 /* GFItemInfoVC.swift in Sources */,
				A4915C412B449D09007A7796 /* GFFollowerItemVC.swift in Sources */,
				A44EB58B2B415C44008C3130 /* GFError.swift in Sources */,
				A44EB5932B4196C5008C3130 /* UIHelper.swift in Sources */,
				A4F6BF612B40BA6E00F8E1BD /* NetworkManager.swift in Sources */,
				A44013972B3F7E11000FD100 /* SceneDelegate.swift in Sources */,
				A4915C3B2B449358007A7796 /* GFItemInfoView.swift in Sources */,
				A4F6BF552B40A59D00F8E1BD /* GFContainerView.swift in Sources */,
				A4915C392B446BAF007A7796 /* Constants.swift in Sources */,
			);
			runOnlyForDeploymentPostprocessing = 0;
		};
/* End PBXSourcesBuildPhase section */

/* Begin PBXVariantGroup section */
		A440139F2B3F7E12000FD100 /* LaunchScreen.storyboard */ = {
			isa = PBXVariantGroup;
			children = (
				A44013A02B3F7E12000FD100 /* Base */,
			);
			name = LaunchScreen.storyboard;
			sourceTree = "<group>";
		};
/* End PBXVariantGroup section */

/* Begin XCBuildConfiguration section */
		A44013A32B3F7E12000FD100 /* Debug */ = {
			isa = XCBuildConfiguration;
			buildSettings = {
				ALWAYS_SEARCH_USER_PATHS = NO;
				ASSETCATALOG_COMPILER_GENERATE_SWIFT_ASSET_SYMBOL_EXTENSIONS = YES;
				CLANG_ANALYZER_NONNULL = YES;
				CLANG_ANALYZER_NUMBER_OBJECT_CONVERSION = YES_AGGRESSIVE;
				CLANG_CXX_LANGUAGE_STANDARD = "gnu++20";
				CLANG_ENABLE_MODULES = YES;
				CLANG_ENABLE_OBJC_ARC = YES;
				CLANG_ENABLE_OBJC_WEAK = YES;
				CLANG_WARN_BLOCK_CAPTURE_AUTORELEASING = YES;
				CLANG_WARN_BOOL_CONVERSION = YES;
				CLANG_WARN_COMMA = YES;
				CLANG_WARN_CONSTANT_CONVERSION = YES;
				CLANG_WARN_DEPRECATED_OBJC_IMPLEMENTATIONS = YES;
				CLANG_WARN_DIRECT_OBJC_ISA_USAGE = YES_ERROR;
				CLANG_WARN_DOCUMENTATION_COMMENTS = YES;
				CLANG_WARN_EMPTY_BODY = YES;
				CLANG_WARN_ENUM_CONVERSION = YES;
				CLANG_WARN_INFINITE_RECURSION = YES;
				CLANG_WARN_INT_CONVERSION = YES;
				CLANG_WARN_NON_LITERAL_NULL_CONVERSION = YES;
				CLANG_WARN_OBJC_IMPLICIT_RETAIN_SELF = YES;
				CLANG_WARN_OBJC_LITERAL_CONVERSION = YES;
				CLANG_WARN_OBJC_ROOT_CLASS = YES_ERROR;
				CLANG_WARN_QUOTED_INCLUDE_IN_FRAMEWORK_HEADER = YES;
				CLANG_WARN_RANGE_LOOP_ANALYSIS = YES;
				CLANG_WARN_STRICT_PROTOTYPES = YES;
				CLANG_WARN_SUSPICIOUS_MOVE = YES;
				CLANG_WARN_UNGUARDED_AVAILABILITY = YES_AGGRESSIVE;
				CLANG_WARN_UNREACHABLE_CODE = YES;
				CLANG_WARN__DUPLICATE_METHOD_MATCH = YES;
				COPY_PHASE_STRIP = NO;
				DEBUG_INFORMATION_FORMAT = dwarf;
				ENABLE_STRICT_OBJC_MSGSEND = YES;
				ENABLE_TESTABILITY = YES;
				ENABLE_USER_SCRIPT_SANDBOXING = YES;
				GCC_C_LANGUAGE_STANDARD = gnu17;
				GCC_DYNAMIC_NO_PIC = NO;
				GCC_NO_COMMON_BLOCKS = YES;
				GCC_OPTIMIZATION_LEVEL = 0;
				GCC_PREPROCESSOR_DEFINITIONS = (
					"DEBUG=1",
					"$(inherited)",
				);
				GCC_WARN_64_TO_32_BIT_CONVERSION = YES;
				GCC_WARN_ABOUT_RETURN_TYPE = YES_ERROR;
				GCC_WARN_UNDECLARED_SELECTOR = YES;
				GCC_WARN_UNINITIALIZED_AUTOS = YES_AGGRESSIVE;
				GCC_WARN_UNUSED_FUNCTION = YES;
				GCC_WARN_UNUSED_VARIABLE = YES;
				IPHONEOS_DEPLOYMENT_TARGET = 17.2;
				LOCALIZATION_PREFERS_STRING_CATALOGS = YES;
				MTL_ENABLE_DEBUG_INFO = INCLUDE_SOURCE;
				MTL_FAST_MATH = YES;
				ONLY_ACTIVE_ARCH = YES;
				SDKROOT = iphoneos;
				SWIFT_ACTIVE_COMPILATION_CONDITIONS = "DEBUG $(inherited)";
				SWIFT_OPTIMIZATION_LEVEL = "-Onone";
			};
			name = Debug;
		};
		A44013A42B3F7E12000FD100 /* Release */ = {
			isa = XCBuildConfiguration;
			buildSettings = {
				ALWAYS_SEARCH_USER_PATHS = NO;
				ASSETCATALOG_COMPILER_GENERATE_SWIFT_ASSET_SYMBOL_EXTENSIONS = YES;
				CLANG_ANALYZER_NONNULL = YES;
				CLANG_ANALYZER_NUMBER_OBJECT_CONVERSION = YES_AGGRESSIVE;
				CLANG_CXX_LANGUAGE_STANDARD = "gnu++20";
				CLANG_ENABLE_MODULES = YES;
				CLANG_ENABLE_OBJC_ARC = YES;
				CLANG_ENABLE_OBJC_WEAK = YES;
				CLANG_WARN_BLOCK_CAPTURE_AUTORELEASING = YES;
				CLANG_WARN_BOOL_CONVERSION = YES;
				CLANG_WARN_COMMA = YES;
				CLANG_WARN_CONSTANT_CONVERSION = YES;
				CLANG_WARN_DEPRECATED_OBJC_IMPLEMENTATIONS = YES;
				CLANG_WARN_DIRECT_OBJC_ISA_USAGE = YES_ERROR;
				CLANG_WARN_DOCUMENTATION_COMMENTS = YES;
				CLANG_WARN_EMPTY_BODY = YES;
				CLANG_WARN_ENUM_CONVERSION = YES;
				CLANG_WARN_INFINITE_RECURSION = YES;
				CLANG_WARN_INT_CONVERSION = YES;
				CLANG_WARN_NON_LITERAL_NULL_CONVERSION = YES;
				CLANG_WARN_OBJC_IMPLICIT_RETAIN_SELF = YES;
				CLANG_WARN_OBJC_LITERAL_CONVERSION = YES;
				CLANG_WARN_OBJC_ROOT_CLASS = YES_ERROR;
				CLANG_WARN_QUOTED_INCLUDE_IN_FRAMEWORK_HEADER = YES;
				CLANG_WARN_RANGE_LOOP_ANALYSIS = YES;
				CLANG_WARN_STRICT_PROTOTYPES = YES;
				CLANG_WARN_SUSPICIOUS_MOVE = YES;
				CLANG_WARN_UNGUARDED_AVAILABILITY = YES_AGGRESSIVE;
				CLANG_WARN_UNREACHABLE_CODE = YES;
				CLANG_WARN__DUPLICATE_METHOD_MATCH = YES;
				COPY_PHASE_STRIP = NO;
				DEBUG_INFORMATION_FORMAT = "dwarf-with-dsym";
				ENABLE_NS_ASSERTIONS = NO;
				ENABLE_STRICT_OBJC_MSGSEND = YES;
				ENABLE_USER_SCRIPT_SANDBOXING = YES;
				GCC_C_LANGUAGE_STANDARD = gnu17;
				GCC_NO_COMMON_BLOCKS = YES;
				GCC_WARN_64_TO_32_BIT_CONVERSION = YES;
				GCC_WARN_ABOUT_RETURN_TYPE = YES_ERROR;
				GCC_WARN_UNDECLARED_SELECTOR = YES;
				GCC_WARN_UNINITIALIZED_AUTOS = YES_AGGRESSIVE;
				GCC_WARN_UNUSED_FUNCTION = YES;
				GCC_WARN_UNUSED_VARIABLE = YES;
				IPHONEOS_DEPLOYMENT_TARGET = 17.2;
				LOCALIZATION_PREFERS_STRING_CATALOGS = YES;
				MTL_ENABLE_DEBUG_INFO = NO;
				MTL_FAST_MATH = YES;
				SDKROOT = iphoneos;
				SWIFT_COMPILATION_MODE = wholemodule;
				VALIDATE_PRODUCT = YES;
			};
			name = Release;
		};
		A44013A62B3F7E12000FD100 /* Debug */ = {
			isa = XCBuildConfiguration;
			buildSettings = {
				ASSETCATALOG_COMPILER_APPICON_NAME = AppIcon;
				ASSETCATALOG_COMPILER_GLOBAL_ACCENT_COLOR_NAME = AccentColor;
				CODE_SIGN_STYLE = Automatic;
				CURRENT_PROJECT_VERSION = 1;
				DEVELOPMENT_TEAM = 82HCH9V652;
				GENERATE_INFOPLIST_FILE = YES;
				INFOPLIST_FILE = GHFollowers/Info.plist;
				INFOPLIST_KEY_UIApplicationSupportsIndirectInputEvents = YES;
				INFOPLIST_KEY_UILaunchStoryboardName = LaunchScreen;
				INFOPLIST_KEY_UISupportedInterfaceOrientations = UIInterfaceOrientationPortrait;
				IPHONEOS_DEPLOYMENT_TARGET = 13.0;
				LD_RUNPATH_SEARCH_PATHS = (
					"$(inherited)",
					"@executable_path/Frameworks",
				);
				MARKETING_VERSION = 1.0;
				PRODUCT_BUNDLE_IDENTIFIER = com.tumbersa.GHFollowers;
				PRODUCT_NAME = "$(TARGET_NAME)";
				SUPPORTED_PLATFORMS = "iphoneos iphonesimulator";
				SUPPORTS_MACCATALYST = NO;
				SUPPORTS_MAC_DESIGNED_FOR_IPHONE_IPAD = NO;
				SWIFT_EMIT_LOC_STRINGS = YES;
				SWIFT_VERSION = 5.0;
				TARGETED_DEVICE_FAMILY = 1;
			};
			name = Debug;
		};
		A44013A72B3F7E12000FD100 /* Release */ = {
			isa = XCBuildConfiguration;
			buildSettings = {
				ASSETCATALOG_COMPILER_APPICON_NAME = AppIcon;
				ASSETCATALOG_COMPILER_GLOBAL_ACCENT_COLOR_NAME = AccentColor;
				CODE_SIGN_STYLE = Automatic;
				CURRENT_PROJECT_VERSION = 1;
				DEVELOPMENT_TEAM = 82HCH9V652;
				GENERATE_INFOPLIST_FILE = YES;
				INFOPLIST_FILE = GHFollowers/Info.plist;
				INFOPLIST_KEY_UIApplicationSupportsIndirectInputEvents = YES;
				INFOPLIST_KEY_UILaunchStoryboardName = LaunchScreen;
				INFOPLIST_KEY_UISupportedInterfaceOrientations = UIInterfaceOrientationPortrait;
				IPHONEOS_DEPLOYMENT_TARGET = 13.0;
				LD_RUNPATH_SEARCH_PATHS = (
					"$(inherited)",
					"@executable_path/Frameworks",
				);
				MARKETING_VERSION = 1.0;
				PRODUCT_BUNDLE_IDENTIFIER = com.tumbersa.GHFollowers;
				PRODUCT_NAME = "$(TARGET_NAME)";
				SUPPORTED_PLATFORMS = "iphoneos iphonesimulator";
				SUPPORTS_MACCATALYST = NO;
				SUPPORTS_MAC_DESIGNED_FOR_IPHONE_IPAD = NO;
				SWIFT_EMIT_LOC_STRINGS = YES;
				SWIFT_VERSION = 5.0;
				TARGETED_DEVICE_FAMILY = 1;
			};
			name = Release;
		};
/* End XCBuildConfiguration section */

/* Begin XCConfigurationList section */
		A440138C2B3F7E11000FD100 /* Build configuration list for PBXProject "GHFollowers" */ = {
			isa = XCConfigurationList;
			buildConfigurations = (
				A44013A32B3F7E12000FD100 /* Debug */,
				A44013A42B3F7E12000FD100 /* Release */,
			);
			defaultConfigurationIsVisible = 0;
			defaultConfigurationName = Release;
		};
		A44013A52B3F7E12000FD100 /* Build configuration list for PBXNativeTarget "GHFollowers" */ = {
			isa = XCConfigurationList;
			buildConfigurations = (
				A44013A62B3F7E12000FD100 /* Debug */,
				A44013A72B3F7E12000FD100 /* Release */,
			);
			defaultConfigurationIsVisible = 0;
			defaultConfigurationName = Release;
		};
/* End XCConfigurationList section */
	};
	rootObject = A44013892B3F7E11000FD100 /* Project object */;
}
